// !$*UTF8*$!
{
	archiveVersion = 1;
	classes = {
	};
	objectVersion = 46;
	objects = {

/* Begin PBXBuildFile section */
		2EE04A071AED44BC00264031 /* AppDelegate.swift in Sources */ = {isa = PBXBuildFile; fileRef = 2EE04A061AED44BC00264031 /* AppDelegate.swift */; };
		2EE04A091AED44BC00264031 /* ViewController.swift in Sources */ = {isa = PBXBuildFile; fileRef = 2EE04A081AED44BC00264031 /* ViewController.swift */; };
		2EE04A0C1AED44BC00264031 /* Main.storyboard in Resources */ = {isa = PBXBuildFile; fileRef = 2EE04A0A1AED44BC00264031 /* Main.storyboard */; };
		2EE04A0E1AED44BC00264031 /* Images.xcassets in Resources */ = {isa = PBXBuildFile; fileRef = 2EE04A0D1AED44BC00264031 /* Images.xcassets */; };
		2EE04A111AED44BC00264031 /* LaunchScreen.xib in Resources */ = {isa = PBXBuildFile; fileRef = 2EE04A0F1AED44BC00264031 /* LaunchScreen.xib */; };
		2EE04A1D1AED44BC00264031 /* SegueExampleTests.swift in Sources */ = {isa = PBXBuildFile; fileRef = 2EE04A1C1AED44BC00264031 /* SegueExampleTests.swift */; };
/* End PBXBuildFile section */

/* Begin PBXContainerItemProxy section */
		2EE04A171AED44BC00264031 /* PBXContainerItemProxy */ = {
			isa = PBXContainerItemProxy;
			containerPortal = 2EE049F91AED44BC00264031 /* Project object */;
			proxyType = 1;
			remoteGlobalIDString = 2EE04A001AED44BC00264031;
			remoteInfo = SegueExample;
		};
/* End PBXContainerItemProxy section */

/* Begin PBXFileReference section */
		2EE04A011AED44BC00264031 /* SegueExample.app */ = {isa = PBXFileReference; explicitFileType = wrapper.application; includeInIndex = 0; path = SegueExample.app; sourceTree = BUILT_PRODUCTS_DIR; };
		2EE04A051AED44BC00264031 /* Info.plist */ = {isa = PBXFileReference; lastKnownFileType = text.plist.xml; path = Info.plist; sourceTree = "<group>"; };
		2EE04A061AED44BC00264031 /* AppDelegate.swift */ = {isa = PBXFileReference; lastKnownFileType = sourcecode.swift; path = AppDelegate.swift; sourceTree = "<group>"; };
		2EE04A081AED44BC00264031 /* ViewController.swift */ = {isa = PBXFileReference; lastKnownFileType = sourcecode.swift; path = ViewController.swift; sourceTree = "<group>"; };
		2EE04A0B1AED44BC00264031 /* Base */ = {isa = PBXFileReference; lastKnownFileType = file.storyboard; name = Base; path = Base.lproj/Main.storyboard; sourceTree = "<group>"; };
		2EE04A0D1AED44BC00264031 /* Images.xcassets */ = {isa = PBXFileReference; lastKnownFileType = folder.assetcatalog; path = Images.xcassets; sourceTree = "<group>"; };
		2EE04A101AED44BC00264031 /* Base */ = {isa = PBXFileReference; lastKnownFileType = file.xib; name = Base; path = Base.lproj/LaunchScreen.xib; sourceTree = "<group>"; };
		2EE04A161AED44BC00264031 /* SegueExampleTests.xctest */ = {isa = PBXFileReference; explicitFileType = wrapper.cfbundle; includeInIndex = 0; path = SegueExampleTests.xctest; sourceTree = BUILT_PRODUCTS_DIR; };
		2EE04A1B1AED44BC00264031 /* Info.plist */ = {isa = PBXFileReference; lastKnownFileType = text.plist.xml; path = Info.plist; sourceTree = "<group>"; };
		2EE04A1C1AED44BC00264031 /* SegueExampleTests.swift */ = {isa = PBXFileReference; lastKnownFileType = sourcecode.swift; path = SegueExampleTests.swift; sourceTree = "<group>"; };
/* End PBXFileReference section */

/* Begin PBXFrameworksBuildPhase section */
		2EE049FE1AED44BC00264031 /* Frameworks */ = {
			isa = PBXFrameworksBuildPhase;
			buildActionMask = 2147483647;
			files = (
			);
			runOnlyForDeploymentPostprocessing = 0;
		};
		2EE04A131AED44BC00264031 /* Frameworks */ = {
			isa = PBXFrameworksBuildPhase;
			buildActionMask = 2147483647;
			files = (
			);
			runOnlyForDeploymentPostprocessing = 0;
		};
/* End PBXFrameworksBuildPhase section */

/* Begin PBXGroup section */
		2EE049F81AED44BC00264031 = {
			isa = PBXGroup;
			children = (
				2EE04A031AED44BC00264031 /* SegueExample */,
				2EE04A191AED44BC00264031 /* SegueExampleTests */,
				2EE04A021AED44BC00264031 /* Products */,
			);
			sourceTree = "<group>";
		};
		2EE04A021AED44BC00264031 /* Products */ = {
			isa = PBXGroup;
			children = (
				2EE04A011AED44BC00264031 /* SegueExample.app */,
				2EE04A161AED44BC00264031 /* SegueExampleTests.xctest */,
			);
			name = Products;
			sourceTree = "<group>";
		};
		2EE04A031AED44BC00264031 /* SegueExample */ = {
			isa = PBXGroup;
			children = (
				2EE04A061AED44BC00264031 /* AppDelegate.swift */,
				2EE04A081AED44BC00264031 /* ViewController.swift */,
				2EE04A0A1AED44BC00264031 /* Main.storyboard */,
				2EE04A0D1AED44BC00264031 /* Images.xcassets */,
				2EE04A0F1AED44BC00264031 /* LaunchScreen.xib */,
				2EE04A041AED44BC00264031 /* Supporting Files */,
			);
			path = SegueExample;
			sourceTree = "<group>";
		};
		2EE04A041AED44BC00264031 /* Supporting Files */ = {
			isa = PBXGroup;
			children = (
				2EE04A051AED44BC00264031 /* Info.plist */,
			);
			name = "Supporting Files";
			sourceTree = "<group>";
		};
		2EE04A191AED44BC00264031 /* SegueExampleTests */ = {
			isa = PBXGroup;
			children = (
				2EE04A1C1AED44BC00264031 /* SegueExampleTests.swift */,
				2EE04A1A1AED44BC00264031 /* Supporting Files */,
			);
			path = SegueExampleTests;
			sourceTree = "<group>";
		};
		2EE04A1A1AED44BC00264031 /* Supporting Files */ = {
			isa = PBXGroup;
			children = (
				2EE04A1B1AED44BC00264031 /* Info.plist */,
			);
			name = "Supporting Files";
			sourceTree = "<group>";
		};
/* End PBXGroup section */

/* Begin PBXNativeTarget section */
		2EE04A001AED44BC00264031 /* SegueExample */ = {
			isa = PBXNativeTarget;
			buildConfigurationList = 2EE04A201AED44BC00264031 /* Build configuration list for PBXNativeTarget "SegueExample" */;
			buildPhases = (
				2EE049FD1AED44BC00264031 /* Sources */,
				2EE049FE1AED44BC00264031 /* Frameworks */,
				2EE049FF1AED44BC00264031 /* Resources */,
			);
			buildRules = (
			);
			dependencies = (
			);
			name = SegueExample;
			productName = SegueExample;
			productReference = 2EE04A011AED44BC00264031 /* SegueExample.app */;
			productType = "com.apple.product-type.application";
		};
		2EE04A151AED44BC00264031 /* SegueExampleTests */ = {
			isa = PBXNativeTarget;
			buildConfigurationList = 2EE04A231AED44BC00264031 /* Build configuration list for PBXNativeTarget "SegueExampleTests" */;
			buildPhases = (
				2EE04A121AED44BC00264031 /* Sources */,
				2EE04A131AED44BC00264031 /* Frameworks */,
				2EE04A141AED44BC00264031 /* Resources */,
			);
			buildRules = (
			);
			dependencies = (
				2EE04A181AED44BC00264031 /* PBXTargetDependency */,
			);
			name = SegueExampleTests;
			productName = SegueExampleTests;
			productReference = 2EE04A161AED44BC00264031 /* SegueExampleTests.xctest */;
			productType = "com.apple.product-type.bundle.unit-test";
		};
/* End PBXNativeTarget section */

/* Begin PBXProject section */
		2EE049F91AED44BC00264031 /* Project object */ = {
			isa = PBXProject;
			attributes = {
				LastUpgradeCheck = 0630;
				ORGANIZATIONNAME = "lin shih-feng";
				TargetAttributes = {
					2EE04A001AED44BC00264031 = {
						CreatedOnToolsVersion = 6.3;
					};
					2EE04A151AED44BC00264031 = {
						CreatedOnToolsVersion = 6.3;
						TestTargetID = 2EE04A001AED44BC00264031;
					};
				};
			};
			buildConfigurationList = 2EE049FC1AED44BC00264031 /* Build configuration list for PBXProject "SegueExample" */;
			compatibilityVersion = "Xcode 3.2";
			developmentRegion = English;
			hasScannedForEncodings = 0;
			knownRegions = (
				en,
				Base,
			);
			mainGroup = 2EE049F81AED44BC00264031;
			productRefGroup = 2EE04A021AED44BC00264031 /* Products */;
			projectDirPath = "";
			projectRoot = "";
			targets = (
				2EE04A001AED44BC00264031 /* SegueExample */,
				2EE04A151AED44BC00264031 /* SegueExampleTests */,
			);
		};
/* End PBXProject section */

/* Begin PBXResourcesBuildPhase section */
		2EE049FF1AED44BC00264031 /* Resources */ = {
			isa = PBXResourcesBuildPhase;
			buildActionMask = 2147483647;
			files = (
				2EE04A0C1AED44BC00264031 /* Main.storyboard in Resources */,
				2EE04A111AED44BC00264031 /* LaunchScreen.xib in Resources */,
				2EE04A0E1AED44BC00264031 /* Images.xcassets in Resources */,
			);
			runOnlyForDeploymentPostprocessing = 0;
		};
		2EE04A141AED44BC00264031 /* Resources */ = {
			isa = PBXResourcesBuildPhase;
			buildActionMask = 2147483647;
			files = (
			);
			runOnlyForDeploymentPostprocessing = 0;
		};
/* End PBXResourcesBuildPhase section */

/* Begin PBXSourcesBuildPhase section */
		2EE049FD1AED44BC00264031 /* Sources */ = {
			isa = PBXSourcesBuildPhase;
			buildActionMask = 2147483647;
			files = (
				2EE04A091AED44BC00264031 /* ViewController.swift in Sources */,
				2EE04A071AED44BC00264031 /* AppDelegate.swift in Sources */,
			);
			runOnlyForDeploymentPostprocessing = 0;
		};
		2EE04A121AED44BC00264031 /* Sources */ = {
			isa = PBXSourcesBuildPhase;
			buildActionMask = 2147483647;
			files = (
				2EE04A1D1AED44BC00264031 /* SegueExampleTests.swift in Sources */,
			);
			runOnlyForDeploymentPostprocessing = 0;
		};
/* End PBXSourcesBuildPhase section */

/* Begin PBXTargetDependency section */
		2EE04A181AED44BC00264031 /* PBXTargetDependency */ = {
			isa = PBXTargetDependency;
			target = 2EE04A001AED44BC00264031 /* SegueExample */;
			targetProxy = 2EE04A171AED44BC00264031 /* PBXContainerItemProxy */;
		};
/* End PBXTargetDependency section */

/* Begin PBXVariantGroup section */
		2EE04A0A1AED44BC00264031 /* Main.storyboard */ = {
			isa = PBXVariantGroup;
			children = (
				2EE04A0B1AED44BC00264031 /* Base */,
			);
			name = Main.storyboard;
			sourceTree = "<group>";
		};
		2EE04A0F1AED44BC00264031 /* LaunchScreen.xib */ = {
			isa = PBXVariantGroup;
			children = (
				2EE04A101AED44BC00264031 /* Base */,
			);
			name = LaunchScreen.xib;
			sourceTree = "<group>";
		};
/* End PBXVariantGroup section */

/* Begin XCBuildConfiguration section */
		2EE04A1E1AED44BC00264031 /* Debug */ = {
			isa = XCBuildConfiguration;
			buildSettings = {
				ALWAYS_SEARCH_USER_PATHS = NO;
				CLANG_CXX_LANGUAGE_STANDARD = "gnu++0x";
				CLANG_CXX_LIBRARY = "libc++";
				CLANG_ENABLE_MODULES = YES;
				CLANG_ENABLE_OBJC_ARC = YES;
				CLANG_WARN_BOOL_CONVERSION = YES;
				CLANG_WARN_CONSTANT_CONVERSION = YES;
				CLANG_WARN_DIRECT_OBJC_ISA_USAGE = YES_ERROR;
				CLANG_WARN_EMPTY_BODY = YES;
				CLANG_WARN_ENUM_CONVERSION = YES;
				CLANG_WARN_INT_CONVERSION = YES;
				CLANG_WARN_OBJC_ROOT_CLASS = YES_ERROR;
				CLANG_WARN_UNREACHABLE_CODE = YES;
				CLANG_WARN__DUPLICATE_METHOD_MATCH = YES;
				"CODE_SIGN_IDENTITY[sdk=iphoneos*]" = "iPhone Developer";
				COPY_PHASE_STRIP = NO;
				DEBUG_INFORMATION_FORMAT = "dwarf-with-dsym";
				ENABLE_STRICT_OBJC_MSGSEND = YES;
				GCC_C_LANGUAGE_STANDARD = gnu99;
				GCC_DYNAMIC_NO_PIC = NO;
				GCC_NO_COMMON_BLOCKS = YES;
				GCC_OPTIMIZATION_LEVEL = 0;
				GCC_PREPROCESSOR_DEFINITIONS = (
					"DEBUG=1",
					"$(inherited)",
				);
				GCC_SYMBOLS_PRIVATE_EXTERN = NO;
				GCC_WARN_64_TO_32_BIT_CONVERSION = YES;
				GCC_WARN_ABOUT_RETURN_TYPE = YES_ERROR;
				GCC_WARN_UNDECLARED_SELECTOR = YES;
				GCC_WARN_UNINITIALIZED_AUTOS = YES_AGGRESSIVE;
				GCC_WARN_UNUSED_FUNCTION = YES;
				GCC_WARN_UNUSED_VARIABLE = YES;
				IPHONEOS_DEPLOYMENT_TARGET = 8.3;
				MTL_ENABLE_DEBUG_INFO = YES;
				ONLY_ACTIVE_ARCH = YES;
				SDKROOT = iphoneos;
				SWIFT_OPTIMIZATION_LEVEL = "-Onone";
				TARGETED_DEVICE_FAMILY = 2;
			};
			name = Debug;
		};
		2EE04A1F1AED44BC00264031 /* Release */ = {
			isa = XCBuildConfiguration;
			buildSettings = {
				ALWAYS_SEARCH_USER_PATHS = NO;
				CLANG_CXX_LANGUAGE_STANDARD = "gnu++0x";
				CLANG_CXX_LIBRARY = "libc++";
				CLANG_ENABLE_MODULES = YES;
				CLANG_ENABLE_OBJC_ARC = YES;
				CLANG_WARN_BOOL_CONVERSION = YES;
				CLANG_WARN_CONSTANT_CONVERSION = YES;
				CLANG_WARN_DIRECT_OBJC_ISA_USAGE = YES_ERROR;
				CLANG_WARN_EMPTY_BODY = YES;
				CLANG_WARN_ENUM_CONVERSION = YES;
				CLANG_WARN_INT_CONVERSION = YES;
				CLANG_WARN_OBJC_ROOT_CLASS = YES_ERROR;
				CLANG_WARN_UNREACHABLE_CODE = YES;
				CLANG_WARN__DUPLICATE_METHOD_MATCH = YES;
				"CODE_SIGN_IDENTITY[sdk=iphoneos*]" = "iPhone Developer";
				COPY_PHASE_STRIP = NO;
				DEBUG_INFORMATION_FORMAT = "dwarf-with-dsym";
				ENABLE_NS_ASSERTIONS = NO;
				ENABLE_STRICT_OBJC_MSGSEND = YES;
				GCC_C_LANGUAGE_STANDARD = gnu99;
				GCC_NO_COMMON_BLOCKS = YES;
				GCC_WARN_64_TO_32_BIT_CONVERSION = YES;
				GCC_WARN_ABOUT_RETURN_TYPE = YES_ERROR;
				GCC_WARN_UNDECLARED_SELECTOR = YES;
				GCC_WARN_UNINITIALIZED_AUTOS = YES_AGGRESSIVE;
				GCC_WARN_UNUSED_FUNCTION = YES;
				GCC_WARN_UNUSED_VARIABLE = YES;
				IPHONEOS_DEPLOYMENT_TARGET = 8.3;
				MTL_ENABLE_DEBUG_INFO = NO;
				SDKROOT = iphoneos;
				TARGETED_DEVICE_FAMILY = 2;
				VALIDATE_PRODUCT = YES;
			};
			name = Release;
		};
		2EE04A211AED44BC00264031 /* Debug */ = {
			isa = XCBuildConfiguration;
			buildSettings = {
				ASSETCATALOG_COMPILER_APPICON_NAME = AppIcon;
				INFOPLIST_FILE = SegueExample/Info.plist;
				LD_RUNPATH_SEARCH_PATHS = "$(inherited) @executable_path/Frameworks";
				PRODUCT_NAME = "$(TARGET_NAME)";
			};
			name = Debug;
		};
		2EE04A221AED44BC00264031 /* Release */ = {
			isa = XCBuildConfiguration;
			buildSettings = {
				ASSETCATALOG_COMPILER_APPICON_NAME = AppIcon;
				INFOPLIST_FILE = SegueExample/Info.plist;
				LD_RUNPATH_SEARCH_PATHS = "$(inherited) @executable_path/Frameworks";
				PRODUCT_NAME = "$(TARGET_NAME)";
			};
			name = Release;
		};
		2EE04A241AED44BC00264031 /* Debug */ = {
			isa = XCBuildConfiguration;
			buildSettings = {
				BUNDLE_LOADER = "$(TEST_HOST)";
				FRAMEWORK_SEARCH_PATHS = (
					"$(SDKROOT)/Developer/Library/Frameworks",
					"$(inherited)",
				);
				GCC_PREPROCESSOR_DEFINITIONS = (
					"DEBUG=1",
					"$(inherited)",
				);
				INFOPLIST_FILE = SegueExampleTests/Info.plist;
				LD_RUNPATH_SEARCH_PATHS = "$(inherited) @executable_path/Frameworks @loader_path/Frameworks";
				PRODUCT_NAME = "$(TARGET_NAME)";
				TEST_HOST = "$(BUILT_PRODUCTS_DIR)/SegueExample.app/SegueExample";
			};
			name = Debug;
		};
		2EE04A251AED44BC00264031 /* Release */ = {
			isa = XCBuildConfiguration;
			buildSettings = {
				BUNDLE_LOADER = "$(TEST_HOST)";
				FRAMEWORK_SEARCH_PATHS = (
					"$(SDKROOT)/Developer/Library/Frameworks",
					"$(inherited)",
				);
				INFOPLIST_FILE = SegueExampleTests/Info.plist;
				LD_RUNPATH_SEARCH_PATHS = "$(inherited) @executable_path/Frameworks @loader_path/Frameworks";
				PRODUCT_NAME = "$(TARGET_NAME)";
				TEST_HOST = "$(BUILT_PRODUCTS_DIR)/SegueExample.app/SegueExample";
			};
			name = Release;
		};
/* End XCBuildConfiguration section */

/* Begin XCConfigurationList section */
		2EE049FC1AED44BC00264031 /* Build configuration list for PBXProject "SegueExample" */ = {
			isa = XCConfigurationList;
			buildConfigurations = (
				2EE04A1E1AED44BC00264031 /* Debug */,
				2EE04A1F1AED44BC00264031 /* Release */,
			);
			defaultConfigurationIsVisible = 0;
			defaultConfigurationName = Release;
		};
		2EE04A201AED44BC00264031 /* Build configuration list for PBXNativeTarget "SegueExample" */ = {
			isa = XCConfigurationList;
			buildConfigurations = (
				2EE04A211AED44BC00264031 /* Debug */,
				2EE04A221AED44BC00264031 /* Release */,
			);
			defaultConfigurationIsVisible = 0;
		};
		2EE04A231AED44BC00264031 /* Build configuration list for PBXNativeTarget "SegueExampleTests" */ = {
			isa = XCConfigurationList;
			buildConfigurations = (
				2EE04A241AED44BC00264031 /* Debug */,
				2EE04A251AED44BC00264031 /* Release */,
			);
			defaultConfigurationIsVisible = 0;
		};
/* End XCConfigurationList section */
	};
	rootObject = 2EE049F91AED44BC00264031 /* Project object */;
}
